
Microsoft Visual Studio Solution File, Format Version 12.00
# Visual Studio Version 17
VisualStudioVersion = 17.1.32228.430
MinimumVisualStudioVersion = 10.0.40219.1
Project("{FAE04EC0-301F-11D3-BF4B-00C04F79EFBC}") = "Data_Estructuras", "Data_Estructuras\Data_Estructuras.csproj", "{B2776412-1C1F-40A7-A0C7-BED714073DAE}"
EndProject
Project("{FAE04EC0-301F-11D3-BF4B-00C04F79EFBC}") = "LinkedList", "LinkedList\LinkedList.csproj", "{42E74AFA-0CAB-467B-947C-E75915F8393C}"
EndProject
Global
	GlobalSection(SolutionConfigurationPlatforms) = preSolution
		Debug|Any CPU = Debug|Any CPU
		Release|Any CPU = Release|Any CPU
	EndGlobalSection
	GlobalSection(ProjectConfigurationPlatforms) = postSolution
		{B2776412-1C1F-40A7-A0C7-BED714073DAE}.Debug|Any CPU.ActiveCfg = Debug|Any CPU
		{B2776412-1C1F-40A7-A0C7-BED714073DAE}.Debug|Any CPU.Build.0 = Debug|Any CPU
		{B2776412-1C1F-40A7-A0C7-BED714073DAE}.Release|Any CPU.ActiveCfg = Release|Any CPU
		{B2776412-1C1F-40A7-A0C7-BED714073DAE}.Release|Any CPU.Build.0 = Release|Any CPU
		{42E74AFA-0CAB-467B-947C-E75915F8393C}.Debug|Any CPU.ActiveCfg = Debug|Any CPU
		{42E74AFA-0CAB-467B-947C-E75915F8393C}.Debug|Any CPU.Build.0 = Debug|Any CPU
		{42E74AFA-0CAB-467B-947C-E75915F8393C}.Release|Any CPU.ActiveCfg = Release|Any CPU
		{42E74AFA-0CAB-467B-947C-E75915F8393C}.Release|Any CPU.Build.0 = Release|Any CPU
	EndGlobalSection
	GlobalSection(SolutionProperties) = preSolution
		HideSolutionNode = FALSE
	EndGlobalSection
	GlobalSection(ExtensibilityGlobals) = postSolution
		SolutionGuid = {8BA4D8F0-4F5E-4381-8295-3BBF34BEC7AE}
	EndGlobalSection
EndGlobal
